
Microsoft Visual Studio Solution File, Format Version 12.00
# Visual Studio 15
VisualStudioVersion = 15.0.28307.1022
MinimumVisualStudioVersion = 10.0.40219.1
Project("{FAE04EC0-301F-11D3-BF4B-00C04F79EFBC}") = "LibrosApp", "LibrosApp\LibrosApp.csproj", "{756A79E0-BE99-4633-92D0-8897AF20B6AF}"
EndProject
Global
	GlobalSection(SolutionConfigurationPlatforms) = preSolution
		Debug|Any CPU = Debug|Any CPU
		Release|Any CPU = Release|Any CPU
	EndGlobalSection
	GlobalSection(ProjectConfigurationPlatforms) = postSolution
		{756A79E0-BE99-4633-92D0-8897AF20B6AF}.Debug|Any CPU.ActiveCfg = Debug|Any CPU
		{756A79E0-BE99-4633-92D0-8897AF20B6AF}.Debug|Any CPU.Build.0 = Debug|Any CPU
		{756A79E0-BE99-4633-92D0-8897AF20B6AF}.Release|Any CPU.ActiveCfg = Release|Any CPU
		{756A79E0-BE99-4633-92D0-8897AF20B6AF}.Release|Any CPU.Build.0 = Release|Any CPU
	EndGlobalSection
	GlobalSection(SolutionProperties) = preSolution
		HideSolutionNode = FALSE
	EndGlobalSection
	GlobalSection(ExtensibilityGlobals) = postSolution
		SolutionGuid = {E54F3416-E97E-4DCC-8BA1-89678AE995E9}
	EndGlobalSection
EndGlobal
